// !$*UTF8*$!
{
	archiveVersion = 1;
	classes = {
	};
	objectVersion = 56;
	objects = {

/* Begin PBXBuildFile section */
		8D5257B72DB9265A0049200A /* WelcomeScreen.swift in Sources */ = {isa = PBXBuildFile; fileRef = 8D5257B62DB9265A0049200A /* WelcomeScreen.swift */; };
		8D5257B92DB926800049200A /* WelcomeScreenViewModel.swift in Sources */ = {isa = PBXBuildFile; fileRef = 8D5257B82DB926800049200A /* WelcomeScreenViewModel.swift */; };
		8D5257BC2DB926AB0049200A /* ChattMessage.swift in Sources */ = {isa = PBXBuildFile; fileRef = 8D5257BB2DB926AB0049200A /* ChattMessage.swift */; };
		8D5257C52DB94A960049200A /* DefaultBG.swift in Sources */ = {isa = PBXBuildFile; fileRef = 8D5257C42DB94A950049200A /* DefaultBG.swift */; };
		8D5257C72DB94E740049200A /* BotView.swift in Sources */ = {isa = PBXBuildFile; fileRef = 8D5257C62DB94E740049200A /* BotView.swift */; };
		8D5257CB2DB950660049200A /* MockData.swift in Sources */ = {isa = PBXBuildFile; fileRef = 8D5257CA2DB950660049200A /* MockData.swift */; };
		8D5257D12DB959A30049200A /* ChattMessageView.swift in Sources */ = {isa = PBXBuildFile; fileRef = 8D5257D02DB959A30049200A /* ChattMessageView.swift */; };
		8D5257D72DB95BA80049200A /* ConnectionStatusView.swift in Sources */ = {isa = PBXBuildFile; fileRef = 8D5257D62DB95BA80049200A /* ConnectionStatusView.swift */; };
		8D5257DB2DB9CA7D0049200A /* Starscream in Frameworks */ = {isa = PBXBuildFile; productRef = 8D5257DA2DB9CA7D0049200A /* Starscream */; };
		8D5257DD2DB9DA480049200A /* ChattConversation.swift in Sources */ = {isa = PBXBuildFile; fileRef = 8D5257DC2DB9DA480049200A /* ChattConversation.swift */; };
		8DC3D88A2DB8E691002E3D04 /* SampleChattAppApp.swift in Sources */ = {isa = PBXBuildFile; fileRef = 8DC3D8892DB8E691002E3D04 /* SampleChattAppApp.swift */; };
		8DC3D88E2DB8E693002E3D04 /* Assets.xcassets in Resources */ = {isa = PBXBuildFile; fileRef = 8DC3D88D2DB8E693002E3D04 /* Assets.xcassets */; };
		8DC3D8912DB8E693002E3D04 /* Preview Assets.xcassets in Resources */ = {isa = PBXBuildFile; fileRef = 8DC3D8902DB8E693002E3D04 /* Preview Assets.xcassets */; };
/* End PBXBuildFile section */

/* Begin PBXFileReference section */
		8D5257B62DB9265A0049200A /* WelcomeScreen.swift */ = {isa = PBXFileReference; lastKnownFileType = sourcecode.swift; path = WelcomeScreen.swift; sourceTree = "<group>"; };
		8D5257B82DB926800049200A /* WelcomeScreenViewModel.swift */ = {isa = PBXFileReference; lastKnownFileType = sourcecode.swift; path = WelcomeScreenViewModel.swift; sourceTree = "<group>"; };
		8D5257BB2DB926AB0049200A /* ChattMessage.swift */ = {isa = PBXFileReference; lastKnownFileType = sourcecode.swift; path = ChattMessage.swift; sourceTree = "<group>"; };
		8D5257C42DB94A950049200A /* DefaultBG.swift */ = {isa = PBXFileReference; lastKnownFileType = sourcecode.swift; path = DefaultBG.swift; sourceTree = "<group>"; };
		8D5257C62DB94E740049200A /* BotView.swift */ = {isa = PBXFileReference; lastKnownFileType = sourcecode.swift; path = BotView.swift; sourceTree = "<group>"; };
		8D5257CA2DB950660049200A /* MockData.swift */ = {isa = PBXFileReference; lastKnownFileType = sourcecode.swift; path = MockData.swift; sourceTree = "<group>"; };
		8D5257D02DB959A30049200A /* ChattMessageView.swift */ = {isa = PBXFileReference; lastKnownFileType = sourcecode.swift; path = ChattMessageView.swift; sourceTree = "<group>"; };
		8D5257D62DB95BA80049200A /* ConnectionStatusView.swift */ = {isa = PBXFileReference; lastKnownFileType = sourcecode.swift; path = ConnectionStatusView.swift; sourceTree = "<group>"; };
		8D5257DC2DB9DA480049200A /* ChattConversation.swift */ = {isa = PBXFileReference; lastKnownFileType = sourcecode.swift; path = ChattConversation.swift; sourceTree = "<group>"; };
		8DC3D8862DB8E691002E3D04 /* SampleChattApp.app */ = {isa = PBXFileReference; explicitFileType = wrapper.application; includeInIndex = 0; path = SampleChattApp.app; sourceTree = BUILT_PRODUCTS_DIR; };
		8DC3D8892DB8E691002E3D04 /* SampleChattAppApp.swift */ = {isa = PBXFileReference; lastKnownFileType = sourcecode.swift; path = SampleChattAppApp.swift; sourceTree = "<group>"; };
		8DC3D88D2DB8E693002E3D04 /* Assets.xcassets */ = {isa = PBXFileReference; lastKnownFileType = folder.assetcatalog; path = Assets.xcassets; sourceTree = "<group>"; };
		8DC3D8902DB8E693002E3D04 /* Preview Assets.xcassets */ = {isa = PBXFileReference; lastKnownFileType = folder.assetcatalog; path = "Preview Assets.xcassets"; sourceTree = "<group>"; };
/* End PBXFileReference section */

/* Begin PBXFrameworksBuildPhase section */
		8DC3D8832DB8E691002E3D04 /* Frameworks */ = {
			isa = PBXFrameworksBuildPhase;
			buildActionMask = 2147483647;
			files = (
				8D5257DB2DB9CA7D0049200A /* Starscream in Frameworks */,
			);
			runOnlyForDeploymentPostprocessing = 0;
		};
/* End PBXFrameworksBuildPhase section */

/* Begin PBXGroup section */
		8D5257B52DB926430049200A /* Modules */ = {
			isa = PBXGroup;
			children = (
				8D5257B82DB926800049200A /* WelcomeScreenViewModel.swift */,
				8D5257B62DB9265A0049200A /* WelcomeScreen.swift */,
			);
			path = Modules;
			sourceTree = "<group>";
		};
		8D5257BA2DB926980049200A /* Models */ = {
			isa = PBXGroup;
			children = (
				8D5257BB2DB926AB0049200A /* ChattMessage.swift */,
			);
			path = Models;
			sourceTree = "<group>";
		};
		8D5257C32DB94A820049200A /* Utilities */ = {
			isa = PBXGroup;
			children = (
				8D5257C92DB950560049200A /* MockData */,
				8D5257C82DB950480049200A /* InterFaces */,
			);
			path = Utilities;
			sourceTree = "<group>";
		};
		8D5257C82DB950480049200A /* InterFaces */ = {
			isa = PBXGroup;
			children = (
				8D5257C42DB94A950049200A /* DefaultBG.swift */,
				8D5257C62DB94E740049200A /* BotView.swift */,
				8D5257D02DB959A30049200A /* ChattMessageView.swift */,
				8D5257D62DB95BA80049200A /* ConnectionStatusView.swift */,
				8D5257DC2DB9DA480049200A /* ChattConversation.swift */,
			);
			path = InterFaces;
			sourceTree = "<group>";
		};
		8D5257C92DB950560049200A /* MockData */ = {
			isa = PBXGroup;
			children = (
				8D5257CA2DB950660049200A /* MockData.swift */,
			);
			path = MockData;
			sourceTree = "<group>";
		};
		8DC3D87D2DB8E691002E3D04 = {
			isa = PBXGroup;
			children = (
				8DC3D8882DB8E691002E3D04 /* SampleChattApp */,
				8DC3D8872DB8E691002E3D04 /* Products */,
			);
			sourceTree = "<group>";
		};
		8DC3D8872DB8E691002E3D04 /* Products */ = {
			isa = PBXGroup;
			children = (
				8DC3D8862DB8E691002E3D04 /* SampleChattApp.app */,
			);
			name = Products;
			sourceTree = "<group>";
		};
		8DC3D8882DB8E691002E3D04 /* SampleChattApp */ = {
			isa = PBXGroup;
			children = (
				8DC3D8892DB8E691002E3D04 /* SampleChattAppApp.swift */,
				8D5257BA2DB926980049200A /* Models */,
				8D5257B52DB926430049200A /* Modules */,
				8D5257C32DB94A820049200A /* Utilities */,
				8DC3D88D2DB8E693002E3D04 /* Assets.xcassets */,
				8DC3D88F2DB8E693002E3D04 /* Preview Content */,
			);
			path = SampleChattApp;
			sourceTree = "<group>";
		};
		8DC3D88F2DB8E693002E3D04 /* Preview Content */ = {
			isa = PBXGroup;
			children = (
				8DC3D8902DB8E693002E3D04 /* Preview Assets.xcassets */,
			);
			path = "Preview Content";
			sourceTree = "<group>";
		};
/* End PBXGroup section */

/* Begin PBXNativeTarget section */
		8DC3D8852DB8E691002E3D04 /* SampleChattApp */ = {
			isa = PBXNativeTarget;
			buildConfigurationList = 8DC3D8942DB8E693002E3D04 /* Build configuration list for PBXNativeTarget "SampleChattApp" */;
			buildPhases = (
				8DC3D8822DB8E691002E3D04 /* Sources */,
				8DC3D8832DB8E691002E3D04 /* Frameworks */,
				8DC3D8842DB8E691002E3D04 /* Resources */,
			);
			buildRules = (
			);
			dependencies = (
			);
			name = SampleChattApp;
			packageProductDependencies = (
				8D5257DA2DB9CA7D0049200A /* Starscream */,
			);
			productName = SampleChattApp;
			productReference = 8DC3D8862DB8E691002E3D04 /* SampleChattApp.app */;
			productType = "com.apple.product-type.application";
		};
/* End PBXNativeTarget section */

/* Begin PBXProject section */
		8DC3D87E2DB8E691002E3D04 /* Project object */ = {
			isa = PBXProject;
			attributes = {
				BuildIndependentTargetsInParallel = 1;
				LastSwiftUpdateCheck = 1540;
				LastUpgradeCheck = 1540;
				TargetAttributes = {
					8DC3D8852DB8E691002E3D04 = {
						CreatedOnToolsVersion = 15.4;
					};
				};
			};
			buildConfigurationList = 8DC3D8812DB8E691002E3D04 /* Build configuration list for PBXProject "SampleChattApp" */;
			compatibilityVersion = "Xcode 14.0";
			developmentRegion = en;
			hasScannedForEncodings = 0;
			knownRegions = (
				en,
				Base,
			);
			mainGroup = 8DC3D87D2DB8E691002E3D04;
			packageReferences = (
				8D5257D92DB9CA7D0049200A /* XCRemoteSwiftPackageReference "Starscream" */,
			);
			productRefGroup = 8DC3D8872DB8E691002E3D04 /* Products */;
			projectDirPath = "";
			projectRoot = "";
			targets = (
				8DC3D8852DB8E691002E3D04 /* SampleChattApp */,
			);
		};
/* End PBXProject section */

/* Begin PBXResourcesBuildPhase section */
		8DC3D8842DB8E691002E3D04 /* Resources */ = {
			isa = PBXResourcesBuildPhase;
			buildActionMask = 2147483647;
			files = (
				8DC3D8912DB8E693002E3D04 /* Preview Assets.xcassets in Resources */,
				8DC3D88E2DB8E693002E3D04 /* Assets.xcassets in Resources */,
			);
			runOnlyForDeploymentPostprocessing = 0;
		};
/* End PBXResourcesBuildPhase section */

/* Begin PBXSourcesBuildPhase section */
		8DC3D8822DB8E691002E3D04 /* Sources */ = {
			isa = PBXSourcesBuildPhase;
			buildActionMask = 2147483647;
			files = (
				8D5257C72DB94E740049200A /* BotView.swift in Sources */,
				8D5257B72DB9265A0049200A /* WelcomeScreen.swift in Sources */,
				8D5257D12DB959A30049200A /* ChattMessageView.swift in Sources */,
				8D5257DD2DB9DA480049200A /* ChattConversation.swift in Sources */,
				8D5257D72DB95BA80049200A /* ConnectionStatusView.swift in Sources */,
				8D5257C52DB94A960049200A /* DefaultBG.swift in Sources */,
				8D5257CB2DB950660049200A /* MockData.swift in Sources */,
				8DC3D88A2DB8E691002E3D04 /* SampleChattAppApp.swift in Sources */,
				8D5257BC2DB926AB0049200A /* ChattMessage.swift in Sources */,
				8D5257B92DB926800049200A /* WelcomeScreenViewModel.swift in Sources */,
			);
			runOnlyForDeploymentPostprocessing = 0;
		};
/* End PBXSourcesBuildPhase section */

/* Begin XCBuildConfiguration section */
		8DC3D8922DB8E693002E3D04 /* Debug */ = {
			isa = XCBuildConfiguration;
			buildSettings = {
				ALWAYS_SEARCH_USER_PATHS = NO;
				ASSETCATALOG_COMPILER_GENERATE_SWIFT_ASSET_SYMBOL_EXTENSIONS = YES;
				CLANG_ANALYZER_NONNULL = YES;
				CLANG_ANALYZER_NUMBER_OBJECT_CONVERSION = YES_AGGRESSIVE;
				CLANG_CXX_LANGUAGE_STANDARD = "gnu++20";
				CLANG_ENABLE_MODULES = YES;
				CLANG_ENABLE_OBJC_ARC = YES;
				CLANG_ENABLE_OBJC_WEAK = YES;
				CLANG_WARN_BLOCK_CAPTURE_AUTORELEASING = YES;
				CLANG_WARN_BOOL_CONVERSION = YES;
				CLANG_WARN_COMMA = YES;
				CLANG_WARN_CONSTANT_CONVERSION = YES;
				CLANG_WARN_DEPRECATED_OBJC_IMPLEMENTATIONS = YES;
				CLANG_WARN_DIRECT_OBJC_ISA_USAGE = YES_ERROR;
				CLANG_WARN_DOCUMENTATION_COMMENTS = YES;
				CLANG_WARN_EMPTY_BODY = YES;
				CLANG_WARN_ENUM_CONVERSION = YES;
				CLANG_WARN_INFINITE_RECURSION = YES;
				CLANG_WARN_INT_CONVERSION = YES;
				CLANG_WARN_NON_LITERAL_NULL_CONVERSION = YES;
				CLANG_WARN_OBJC_IMPLICIT_RETAIN_SELF = YES;
				CLANG_WARN_OBJC_LITERAL_CONVERSION = YES;
				CLANG_WARN_OBJC_ROOT_CLASS = YES_ERROR;
				CLANG_WARN_QUOTED_INCLUDE_IN_FRAMEWORK_HEADER = YES;
				CLANG_WARN_RANGE_LOOP_ANALYSIS = YES;
				CLANG_WARN_STRICT_PROTOTYPES = YES;
				CLANG_WARN_SUSPICIOUS_MOVE = YES;
				CLANG_WARN_UNGUARDED_AVAILABILITY = YES_AGGRESSIVE;
				CLANG_WARN_UNREACHABLE_CODE = YES;
				CLANG_WARN__DUPLICATE_METHOD_MATCH = YES;
				COPY_PHASE_STRIP = NO;
				DEBUG_INFORMATION_FORMAT = dwarf;
				ENABLE_STRICT_OBJC_MSGSEND = YES;
				ENABLE_TESTABILITY = YES;
				ENABLE_USER_SCRIPT_SANDBOXING = YES;
				GCC_C_LANGUAGE_STANDARD = gnu17;
				GCC_DYNAMIC_NO_PIC = NO;
				GCC_NO_COMMON_BLOCKS = YES;
				GCC_OPTIMIZATION_LEVEL = 0;
				GCC_PREPROCESSOR_DEFINITIONS = (
					"DEBUG=1",
					"$(inherited)",
				);
				GCC_WARN_64_TO_32_BIT_CONVERSION = YES;
				GCC_WARN_ABOUT_RETURN_TYPE = YES_ERROR;
				GCC_WARN_UNDECLARED_SELECTOR = YES;
				GCC_WARN_UNINITIALIZED_AUTOS = YES_AGGRESSIVE;
				GCC_WARN_UNUSED_FUNCTION = YES;
				GCC_WARN_UNUSED_VARIABLE = YES;
				IPHONEOS_DEPLOYMENT_TARGET = 17.5;
				LOCALIZATION_PREFERS_STRING_CATALOGS = YES;
				MTL_ENABLE_DEBUG_INFO = INCLUDE_SOURCE;
				MTL_FAST_MATH = YES;
				ONLY_ACTIVE_ARCH = YES;
				SDKROOT = iphoneos;
				SWIFT_ACTIVE_COMPILATION_CONDITIONS = "DEBUG $(inherited)";
				SWIFT_OPTIMIZATION_LEVEL = "-Onone";
			};
			name = Debug;
		};
		8DC3D8932DB8E693002E3D04 /* Release */ = {
			isa = XCBuildConfiguration;
			buildSettings = {
				ALWAYS_SEARCH_USER_PATHS = NO;
				ASSETCATALOG_COMPILER_GENERATE_SWIFT_ASSET_SYMBOL_EXTENSIONS = YES;
				CLANG_ANALYZER_NONNULL = YES;
				CLANG_ANALYZER_NUMBER_OBJECT_CONVERSION = YES_AGGRESSIVE;
				CLANG_CXX_LANGUAGE_STANDARD = "gnu++20";
				CLANG_ENABLE_MODULES = YES;
				CLANG_ENABLE_OBJC_ARC = YES;
				CLANG_ENABLE_OBJC_WEAK = YES;
				CLANG_WARN_BLOCK_CAPTURE_AUTORELEASING = YES;
				CLANG_WARN_BOOL_CONVERSION = YES;
				CLANG_WARN_COMMA = YES;
				CLANG_WARN_CONSTANT_CONVERSION = YES;
				CLANG_WARN_DEPRECATED_OBJC_IMPLEMENTATIONS = YES;
				CLANG_WARN_DIRECT_OBJC_ISA_USAGE = YES_ERROR;
				CLANG_WARN_DOCUMENTATION_COMMENTS = YES;
				CLANG_WARN_EMPTY_BODY = YES;
				CLANG_WARN_ENUM_CONVERSION = YES;
				CLANG_WARN_INFINITE_RECURSION = YES;
				CLANG_WARN_INT_CONVERSION = YES;
				CLANG_WARN_NON_LITERAL_NULL_CONVERSION = YES;
				CLANG_WARN_OBJC_IMPLICIT_RETAIN_SELF = YES;
				CLANG_WARN_OBJC_LITERAL_CONVERSION = YES;
				CLANG_WARN_OBJC_ROOT_CLASS = YES_ERROR;
				CLANG_WARN_QUOTED_INCLUDE_IN_FRAMEWORK_HEADER = YES;
				CLANG_WARN_RANGE_LOOP_ANALYSIS = YES;
				CLANG_WARN_STRICT_PROTOTYPES = YES;
				CLANG_WARN_SUSPICIOUS_MOVE = YES;
				CLANG_WARN_UNGUARDED_AVAILABILITY = YES_AGGRESSIVE;
				CLANG_WARN_UNREACHABLE_CODE = YES;
				CLANG_WARN__DUPLICATE_METHOD_MATCH = YES;
				COPY_PHASE_STRIP = NO;
				DEBUG_INFORMATION_FORMAT = "dwarf-with-dsym";
				ENABLE_NS_ASSERTIONS = NO;
				ENABLE_STRICT_OBJC_MSGSEND = YES;
				ENABLE_USER_SCRIPT_SANDBOXING = YES;
				GCC_C_LANGUAGE_STANDARD = gnu17;
				GCC_NO_COMMON_BLOCKS = YES;
				GCC_WARN_64_TO_32_BIT_CONVERSION = YES;
				GCC_WARN_ABOUT_RETURN_TYPE = YES_ERROR;
				GCC_WARN_UNDECLARED_SELECTOR = YES;
				GCC_WARN_UNINITIALIZED_AUTOS = YES_AGGRESSIVE;
				GCC_WARN_UNUSED_FUNCTION = YES;
				GCC_WARN_UNUSED_VARIABLE = YES;
				IPHONEOS_DEPLOYMENT_TARGET = 17.5;
				LOCALIZATION_PREFERS_STRING_CATALOGS = YES;
				MTL_ENABLE_DEBUG_INFO = NO;
				MTL_FAST_MATH = YES;
				SDKROOT = iphoneos;
				SWIFT_COMPILATION_MODE = wholemodule;
				VALIDATE_PRODUCT = YES;
			};
			name = Release;
		};
		8DC3D8952DB8E693002E3D04 /* Debug */ = {
			isa = XCBuildConfiguration;
			buildSettings = {
				ASSETCATALOG_COMPILER_APPICON_NAME = AppIcon;
				ASSETCATALOG_COMPILER_GLOBAL_ACCENT_COLOR_NAME = AccentColor;
				CODE_SIGN_STYLE = Automatic;
				CURRENT_PROJECT_VERSION = 1;
				DEVELOPMENT_ASSET_PATHS = "\"SampleChattApp/Preview Content\"";
				DEVELOPMENT_TEAM = R6G7L23BRG;
				ENABLE_PREVIEWS = YES;
				GENERATE_INFOPLIST_FILE = YES;
				INFOPLIST_KEY_UIApplicationSceneManifest_Generation = YES;
				INFOPLIST_KEY_UIApplicationSupportsIndirectInputEvents = YES;
				INFOPLIST_KEY_UILaunchScreen_Generation = YES;
				INFOPLIST_KEY_UISupportedInterfaceOrientations_iPad = "UIInterfaceOrientationPortrait UIInterfaceOrientationPortraitUpsideDown UIInterfaceOrientationLandscapeLeft UIInterfaceOrientationLandscapeRight";
				INFOPLIST_KEY_UISupportedInterfaceOrientations_iPhone = "UIInterfaceOrientationPortrait UIInterfaceOrientationLandscapeLeft UIInterfaceOrientationLandscapeRight";
				LD_RUNPATH_SEARCH_PATHS = (
					"$(inherited)",
					"@executable_path/Frameworks",
				);
				MARKETING_VERSION = 1.0;
				PRODUCT_BUNDLE_IDENTIFIER = com.AJS.SampleChattApp;
				PRODUCT_NAME = "$(TARGET_NAME)";
				SWIFT_EMIT_LOC_STRINGS = YES;
				SWIFT_VERSION = 5.0;
				TARGETED_DEVICE_FAMILY = "1,2";
			};
			name = Debug;
		};
		8DC3D8962DB8E693002E3D04 /* Release */ = {
			isa = XCBuildConfiguration;
			buildSettings = {
				ASSETCATALOG_COMPILER_APPICON_NAME = AppIcon;
				ASSETCATALOG_COMPILER_GLOBAL_ACCENT_COLOR_NAME = AccentColor;
				CODE_SIGN_STYLE = Automatic;
				CURRENT_PROJECT_VERSION = 1;
				DEVELOPMENT_ASSET_PATHS = "\"SampleChattApp/Preview Content\"";
				DEVELOPMENT_TEAM = R6G7L23BRG;
				ENABLE_PREVIEWS = YES;
				GENERATE_INFOPLIST_FILE = YES;
				INFOPLIST_KEY_UIApplicationSceneManifest_Generation = YES;
				INFOPLIST_KEY_UIApplicationSupportsIndirectInputEvents = YES;
				INFOPLIST_KEY_UILaunchScreen_Generation = YES;
				INFOPLIST_KEY_UISupportedInterfaceOrientations_iPad = "UIInterfaceOrientationPortrait UIInterfaceOrientationPortraitUpsideDown UIInterfaceOrientationLandscapeLeft UIInterfaceOrientationLandscapeRight";
				INFOPLIST_KEY_UISupportedInterfaceOrientations_iPhone = "UIInterfaceOrientationPortrait UIInterfaceOrientationLandscapeLeft UIInterfaceOrientationLandscapeRight";
				LD_RUNPATH_SEARCH_PATHS = (
					"$(inherited)",
					"@executable_path/Frameworks",
				);
				MARKETING_VERSION = 1.0;
				PRODUCT_BUNDLE_IDENTIFIER = com.AJS.SampleChattApp;
				PRODUCT_NAME = "$(TARGET_NAME)";
				SWIFT_EMIT_LOC_STRINGS = YES;
				SWIFT_VERSION = 5.0;
				TARGETED_DEVICE_FAMILY = "1,2";
			};
			name = Release;
		};
/* End XCBuildConfiguration section */

/* Begin XCConfigurationList section */
		8DC3D8812DB8E691002E3D04 /* Build configuration list for PBXProject "SampleChattApp" */ = {
			isa = XCConfigurationList;
			buildConfigurations = (
				8DC3D8922DB8E693002E3D04 /* Debug */,
				8DC3D8932DB8E693002E3D04 /* Release */,
			);
			defaultConfigurationIsVisible = 0;
			defaultConfigurationName = Release;
		};
		8DC3D8942DB8E693002E3D04 /* Build configuration list for PBXNativeTarget "SampleChattApp" */ = {
			isa = XCConfigurationList;
			buildConfigurations = (
				8DC3D8952DB8E693002E3D04 /* Debug */,
				8DC3D8962DB8E693002E3D04 /* Release */,
			);
			defaultConfigurationIsVisible = 0;
			defaultConfigurationName = Release;
		};
/* End XCConfigurationList section */

/* Begin XCRemoteSwiftPackageReference section */
		8D5257D92DB9CA7D0049200A /* XCRemoteSwiftPackageReference "Starscream" */ = {
			isa = XCRemoteSwiftPackageReference;
			repositoryURL = "https://github.com/daltoniam/Starscream.git";
			requirement = {
				kind = upToNextMajorVersion;
				minimumVersion = 4.0.8;
			};
		};
/* End XCRemoteSwiftPackageReference section */

/* Begin XCSwiftPackageProductDependency section */
		8D5257DA2DB9CA7D0049200A /* Starscream */ = {
			isa = XCSwiftPackageProductDependency;
			package = 8D5257D92DB9CA7D0049200A /* XCRemoteSwiftPackageReference "Starscream" */;
			productName = Starscream;
		};
/* End XCSwiftPackageProductDependency section */
	};
	rootObject = 8DC3D87E2DB8E691002E3D04 /* Project object */;
}
